github.com/go-errors/errors v1.1.1 h1:ljK/pL5ltg3qoN+OtN6yCv9HWSfMwxSx90GJCZQxYNg=
github.com/go-errors/errors v1.1.1/go.mod h1:psDX2osz5VnTOnFWbDeWwS7yejl+uV3FEWEp4lssFEs=
github.com/jesseduffield/gocui v0.3.1-0.20200201013258-57fdcf23edc5 h1:tE0w3tuL/bj1o5VMhjjE0ep6i7Fva+RYjKcMFcniJEY=
github.com/jesseduffield/gocui v0.3.1-0.20200201013258-57fdcf23edc5/go.mod h1:2RtZznzYKt8RLRwvFiSkXjU0Ei8WwHdubgnlaYH47dw=
github.com/jesseduffield/termbox-go v0.0.0-20200823212418-a2289ed6aafe h1:qsVhCf2RFyyKIUe/+gJblbCpXMUki9rZrHuEctg6M/E=
github.com/jesseduffield/termbox-go v0.0.0-20200823212418-a2289ed6aafe/go.mod h1:anMibpZtqNxjDbxrcDEAwSdaJ37vyUeM1f/M4uekib4=
github.com/mattn/go-runewidth v0.0.9 h1:Lm995f3rfxdpd6TSmuVCHVb/QhupuXlYr8sCI/QdE+0=
github.com/mattn/go-runewidth v0.0.9/go.mod h1:H031xJmbD/WCDINGzjvQ9THkh0rPKHF+m2gUSrubnMI=
